// !$*UTF8*$!
{
	archiveVersion = 1;
	classes = {
	};
	objectVersion = 77;
	objects = {

/* Begin PBXBuildFile section */
		84C083582F7B96C7007200BE /* Assets.xcassets in Resources */ = {isa = PBXBuildFile; fileRef = 84C0834F2F7B96C7007200BE /* Assets.xcassets */; };
		84C0835A2F7B96C7007200BE /* LaunchScreen.storyboard in Resources */ = {isa = PBXBuildFile; fileRef = 84C083522F7B96C7007200BE /* LaunchScreen.storyboard */; };
		84C0835C2F7B96C7007200BE /* AppDelegate.swift in Sources */ = {isa = PBXBuildFile; fileRef = 84C0834E2F7B96C7007200BE /* AppDelegate.swift */; };
		84C0835D2F7B96C7007200BE /* SceneDelegate.swift in Sources */ = {isa = PBXBuildFile; fileRef = 84C083552F7B96C7007200BE /* SceneDelegate.swift */; };
		84C083712F7BFE37007200BE /* UIView+Extensions.swift in Sources */ = {isa = PBXBuildFile; fileRef = 84C083702F7BFE31007200BE /* UIView+Extensions.swift */; };
		84C083732F7BFE46007200BE /* UICollectionView+Extensions.swift in Sources */ = {isa = PBXBuildFile; fileRef = 84C083722F7BFE45007200BE /* UICollectionView+Extensions.swift */; };
		84C083762F7BFE65007200BE /* Constants.swift in Sources */ = {isa = PBXBuildFile; fileRef = 84C083752F7BFE63007200BE /* Constants.swift */; };
		84C083782F7BFE6C007200BE /* Helpers.swift in Sources */ = {isa = PBXBuildFile; fileRef = 84C083772F7BFE6B007200BE /* Helpers.swift */; };
		84C0837B2F7BFEE4007200BE /* Colors.swift in Sources */ = {isa = PBXBuildFile; fileRef = 84C0837A2F7BFEE3007200BE /* Colors.swift */; };
		84C0837D2F7BFEEC007200BE /* Images.swift in Sources */ = {isa = PBXBuildFile; fileRef = 84C0837C2F7BFEEB007200BE /* Images.swift */; };
		84C0837F2F7BFF09007200BE /* Player.swift in Sources */ = {isa = PBXBuildFile; fileRef = 84C0837E2F7BFF09007200BE /* Player.swift */; };
		84C083812F7BFF12007200BE /* Board.swift in Sources */ = {isa = PBXBuildFile; fileRef = 84C083802F7BFF12007200BE /* Board.swift */; };
		84C083832F7BFF1B007200BE /* Snake.swift in Sources */ = {isa = PBXBuildFile; fileRef = 84C083822F7BFF18007200BE /* Snake.swift */; };
		84C083852F7BFF23007200BE /* Ladder.swift in Sources */ = {isa = PBXBuildFile; fileRef = 84C083842F7BFF22007200BE /* Ladder.swift */; };
		84C083882F7BFF36007200BE /* GameViewModel.swift in Sources */ = {isa = PBXBuildFile; fileRef = 84C083872F7BFF34007200BE /* GameViewModel.swift */; };
		84C0838B2F7BFF4F007200BE /* GameVC.swift in Sources */ = {isa = PBXBuildFile; fileRef = 84C0838A2F7BFF48007200BE /* GameVC.swift */; };
		84C0838D2F7BFF5B007200BE /* BoardCell.swift in Sources */ = {isa = PBXBuildFile; fileRef = 84C0838C2F7BFF59007200BE /* BoardCell.swift */; };
		84C0838F2F7BFF67007200BE /* PlayerTokenView.swift in Sources */ = {isa = PBXBuildFile; fileRef = 84C0838E2F7BFF65007200BE /* PlayerTokenView.swift */; };
		84C083912F7BFF6F007200BE /* DiceView.swift in Sources */ = {isa = PBXBuildFile; fileRef = 84C083902F7BFF6E007200BE /* DiceView.swift */; };
		84C083932F7BFF76007200BE /* BoardOverlayView.swift in Sources */ = {isa = PBXBuildFile; fileRef = 84C083922F7BFF75007200BE /* BoardOverlayView.swift */; };
		84C083962F7BFF8F007200BE /* GameCoordinator.swift in Sources */ = {isa = PBXBuildFile; fileRef = 84C083952F7BFF8E007200BE /* GameCoordinator.swift */; };
		84C0839A2F7C03F9007200BE /* GameVC.xib in Resources */ = {isa = PBXBuildFile; fileRef = 84C083982F7C03F9007200BE /* GameVC.xib */; };
		84F8473A2F7CDE0E004B31D2 /* GameMainVC.xib in Resources */ = {isa = PBXBuildFile; fileRef = 84F847392F7CDE0E004B31D2 /* GameMainVC.xib */; };
		84F8473B2F7CDE0E004B31D2 /* GameMainVC.swift in Sources */ = {isa = PBXBuildFile; fileRef = 84F847382F7CDE0E004B31D2 /* GameMainVC.swift */; };
		84F8474A2F7CE334004B31D2 /* GradientButton.swift in Sources */ = {isa = PBXBuildFile; fileRef = 84F8473D2F7CE334004B31D2 /* GradientButton.swift */; };
		84F8474B2F7CE334004B31D2 /* UIButtonDesignable.swift in Sources */ = {isa = PBXBuildFile; fileRef = 84F847422F7CE334004B31D2 /* UIButtonDesignable.swift */; };
		84F8474C2F7CE334004B31D2 /* UISegmentControl.swift in Sources */ = {isa = PBXBuildFile; fileRef = 84F847462F7CE334004B31D2 /* UISegmentControl.swift */; };
		84F8474D2F7CE334004B31D2 /* GradientImageView.swift in Sources */ = {isa = PBXBuildFile; fileRef = 84F8473E2F7CE334004B31D2 /* GradientImageView.swift */; };
		84F8474E2F7CE334004B31D2 /* MarqueeLabel.swift in Sources */ = {isa = PBXBuildFile; fileRef = 84F847412F7CE334004B31D2 /* MarqueeLabel.swift */; };
		84F8474F2F7CE334004B31D2 /* CircularProgressView.swift in Sources */ = {isa = PBXBuildFile; fileRef = 84F8473C2F7CE334004B31D2 /* CircularProgressView.swift */; };
		84F847502F7CE334004B31D2 /* UILabelDesignable.swift in Sources */ = {isa = PBXBuildFile; fileRef = 84F847452F7CE334004B31D2 /* UILabelDesignable.swift */; };
		84F847512F7CE334004B31D2 /* UIViewDesignable.swift in Sources */ = {isa = PBXBuildFile; fileRef = 84F847472F7CE334004B31D2 /* UIViewDesignable.swift */; };
		84F847522F7CE334004B31D2 /* GradientView.swift in Sources */ = {isa = PBXBuildFile; fileRef = 84F847402F7CE334004B31D2 /* GradientView.swift */; };
		84F847532F7CE334004B31D2 /* UiViewx.swift in Sources */ = {isa = PBXBuildFile; fileRef = 84F847482F7CE334004B31D2 /* UiViewx.swift */; };
		84F847542F7CE334004B31D2 /* UIImageViewDesignable.swift in Sources */ = {isa = PBXBuildFile; fileRef = 84F847442F7CE334004B31D2 /* UIImageViewDesignable.swift */; };
		84F847552F7CE334004B31D2 /* GradientLabel.swift in Sources */ = {isa = PBXBuildFile; fileRef = 84F8473F2F7CE334004B31D2 /* GradientLabel.swift */; };
		84F847562F7CE334004B31D2 /* UIImageView.swift in Sources */ = {isa = PBXBuildFile; fileRef = 84F847432F7CE334004B31D2 /* UIImageView.swift */; };
		84F847582F7CE34D004B31D2 /* UIColor+Extensions.swift in Sources */ = {isa = PBXBuildFile; fileRef = 84F847572F7CE34D004B31D2 /* UIColor+Extensions.swift */; };
		84F847612F7CFA38004B31D2 /* dice1.gif in Resources */ = {isa = PBXBuildFile; fileRef = 84F8475B2F7CFA38004B31D2 /* dice1.gif */; };
		84F847622F7CFA38004B31D2 /* dice2.gif in Resources */ = {isa = PBXBuildFile; fileRef = 84F8475C2F7CFA38004B31D2 /* dice2.gif */; };
		84F847632F7CFA38004B31D2 /* dice4.gif in Resources */ = {isa = PBXBuildFile; fileRef = 84F8475E2F7CFA38004B31D2 /* dice4.gif */; };
		84F847642F7CFA38004B31D2 /* dice6.gif in Resources */ = {isa = PBXBuildFile; fileRef = 84F847602F7CFA38004B31D2 /* dice6.gif */; };
		84F847652F7CFA38004B31D2 /* dice3.gif in Resources */ = {isa = PBXBuildFile; fileRef = 84F8475D2F7CFA38004B31D2 /* dice3.gif */; };
		84F847662F7CFA38004B31D2 /* dice5.gif in Resources */ = {isa = PBXBuildFile; fileRef = 84F8475F2F7CFA38004B31D2 /* dice5.gif */; };
		84F8476A2F7D2616004B31D2 /* BoardCVC.swift in Sources */ = {isa = PBXBuildFile; fileRef = 84F847682F7D2616004B31D2 /* BoardCVC.swift */; };
		84F8476B2F7D2616004B31D2 /* BoardCVC.xib in Resources */ = {isa = PBXBuildFile; fileRef = 84F847692F7D2616004B31D2 /* BoardCVC.xib */; };
		84F847732F7D2900004B31D2 /* BoardSnakeLadderOverlayView.swift in Sources */ = {isa = PBXBuildFile; fileRef = 84F847722F7D2900004B31D2 /* BoardSnakeLadderOverlayView.swift */; };
		DEEC5C35A1CD2C32AD28B640 /* Pods_Snake_Ladder.framework in Frameworks */ = {isa = PBXBuildFile; fileRef = 4F345A01F476D2EC1BB81DD3 /* Pods_Snake_Ladder.framework */; };
/* End PBXBuildFile section */

/* Begin PBXFileReference section */
		4F345A01F476D2EC1BB81DD3 /* Pods_Snake_Ladder.framework */ = {isa = PBXFileReference; explicitFileType = wrapper.framework; includeInIndex = 0; path = Pods_Snake_Ladder.framework; sourceTree = BUILT_PRODUCTS_DIR; };
		7167C77EBB84751990E4B8CE /* Pods-Snake&Ladder.debug.xcconfig */ = {isa = PBXFileReference; includeInIndex = 1; lastKnownFileType = text.xcconfig; name = "Pods-Snake&Ladder.debug.xcconfig"; path = "Target Support Files/Pods-Snake&Ladder/Pods-Snake&Ladder.debug.xcconfig"; sourceTree = "<group>"; };
		8377B637D68D1F3CBB0A8336 /* Pods-Snake&Ladder.release.xcconfig */ = {isa = PBXFileReference; includeInIndex = 1; lastKnownFileType = text.xcconfig; name = "Pods-Snake&Ladder.release.xcconfig"; path = "Target Support Files/Pods-Snake&Ladder/Pods-Snake&Ladder.release.xcconfig"; sourceTree = "<group>"; };
		84C083362F7B96B7007200BE /* Snake&Ladder.app */ = {isa = PBXFileReference; explicitFileType = wrapper.application; includeInIndex = 0; path = "Snake&Ladder.app"; sourceTree = BUILT_PRODUCTS_DIR; };
		84C0834E2F7B96C7007200BE /* AppDelegate.swift */ = {isa = PBXFileReference; lastKnownFileType = sourcecode.swift; path = AppDelegate.swift; sourceTree = "<group>"; };
		84C0834F2F7B96C7007200BE /* Assets.xcassets */ = {isa = PBXFileReference; lastKnownFileType = folder.assetcatalog; path = Assets.xcassets; sourceTree = "<group>"; };
		84C083502F7B96C7007200BE /* Info.plist */ = {isa = PBXFileReference; lastKnownFileType = text.plist.xml; path = Info.plist; sourceTree = "<group>"; };
		84C083512F7B96C7007200BE /* Base */ = {isa = PBXFileReference; lastKnownFileType = file.storyboard; name = Base; path = Base.lproj/LaunchScreen.storyboard; sourceTree = "<group>"; };
		84C083552F7B96C7007200BE /* SceneDelegate.swift */ = {isa = PBXFileReference; lastKnownFileType = sourcecode.swift; path = SceneDelegate.swift; sourceTree = "<group>"; };
		84C083702F7BFE31007200BE /* UIView+Extensions.swift */ = {isa = PBXFileReference; lastKnownFileType = sourcecode.swift; path = "UIView+Extensions.swift"; sourceTree = "<group>"; };
		84C083722F7BFE45007200BE /* UICollectionView+Extensions.swift */ = {isa = PBXFileReference; lastKnownFileType = sourcecode.swift; path = "UICollectionView+Extensions.swift"; sourceTree = "<group>"; };
		84C083752F7BFE63007200BE /* Constants.swift */ = {isa = PBXFileReference; lastKnownFileType = sourcecode.swift; path = Constants.swift; sourceTree = "<group>"; };
		84C083772F7BFE6B007200BE /* Helpers.swift */ = {isa = PBXFileReference; lastKnownFileType = sourcecode.swift; path = Helpers.swift; sourceTree = "<group>"; };
		84C0837A2F7BFEE3007200BE /* Colors.swift */ = {isa = PBXFileReference; lastKnownFileType = sourcecode.swift; path = Colors.swift; sourceTree = "<group>"; };
		84C0837C2F7BFEEB007200BE /* Images.swift */ = {isa = PBXFileReference; lastKnownFileType = sourcecode.swift; path = Images.swift; sourceTree = "<group>"; };
		84C0837E2F7BFF09007200BE /* Player.swift */ = {isa = PBXFileReference; lastKnownFileType = sourcecode.swift; path = Player.swift; sourceTree = "<group>"; };
		84C083802F7BFF12007200BE /* Board.swift */ = {isa = PBXFileReference; lastKnownFileType = sourcecode.swift; path = Board.swift; sourceTree = "<group>"; };
		84C083822F7BFF18007200BE /* Snake.swift */ = {isa = PBXFileReference; lastKnownFileType = sourcecode.swift; path = Snake.swift; sourceTree = "<group>"; };
		84C083842F7BFF22007200BE /* Ladder.swift */ = {isa = PBXFileReference; lastKnownFileType = sourcecode.swift; path = Ladder.swift; sourceTree = "<group>"; };
		84C083872F7BFF34007200BE /* GameViewModel.swift */ = {isa = PBXFileReference; lastKnownFileType = sourcecode.swift; path = GameViewModel.swift; sourceTree = "<group>"; };
		84C0838A2F7BFF48007200BE /* GameVC.swift */ = {isa = PBXFileReference; lastKnownFileType = sourcecode.swift; path = GameVC.swift; sourceTree = "<group>"; };
		84C0838C2F7BFF59007200BE /* BoardCell.swift */ = {isa = PBXFileReference; lastKnownFileType = sourcecode.swift; path = BoardCell.swift; sourceTree = "<group>"; };
		84C0838E2F7BFF65007200BE /* PlayerTokenView.swift */ = {isa = PBXFileReference; lastKnownFileType = sourcecode.swift; path = PlayerTokenView.swift; sourceTree = "<group>"; };
		84C083902F7BFF6E007200BE /* DiceView.swift */ = {isa = PBXFileReference; lastKnownFileType = sourcecode.swift; path = DiceView.swift; sourceTree = "<group>"; };
		84C083922F7BFF75007200BE /* BoardOverlayView.swift */ = {isa = PBXFileReference; lastKnownFileType = sourcecode.swift; path = BoardOverlayView.swift; sourceTree = "<group>"; };
		84C083952F7BFF8E007200BE /* GameCoordinator.swift */ = {isa = PBXFileReference; lastKnownFileType = sourcecode.swift; path = GameCoordinator.swift; sourceTree = "<group>"; };
		84C083982F7C03F9007200BE /* GameVC.xib */ = {isa = PBXFileReference; lastKnownFileType = file.xib; path = GameVC.xib; sourceTree = "<group>"; };
		84F847382F7CDE0E004B31D2 /* GameMainVC.swift */ = {isa = PBXFileReference; lastKnownFileType = sourcecode.swift; path = GameMainVC.swift; sourceTree = "<group>"; };
		84F847392F7CDE0E004B31D2 /* GameMainVC.xib */ = {isa = PBXFileReference; lastKnownFileType = file.xib; path = GameMainVC.xib; sourceTree = "<group>"; };
		84F8473C2F7CE334004B31D2 /* CircularProgressView.swift */ = {isa = PBXFileReference; lastKnownFileType = sourcecode.swift; path = CircularProgressView.swift; sourceTree = "<group>"; };
		84F8473D2F7CE334004B31D2 /* GradientButton.swift */ = {isa = PBXFileReference; lastKnownFileType = sourcecode.swift; path = GradientButton.swift; sourceTree = "<group>"; };
		84F8473E2F7CE334004B31D2 /* GradientImageView.swift */ = {isa = PBXFileReference; lastKnownFileType = sourcecode.swift; path = GradientImageView.swift; sourceTree = "<group>"; };
		84F8473F2F7CE334004B31D2 /* GradientLabel.swift */ = {isa = PBXFileReference; lastKnownFileType = sourcecode.swift; path = GradientLabel.swift; sourceTree = "<group>"; };
		84F847402F7CE334004B31D2 /* GradientView.swift */ = {isa = PBXFileReference; lastKnownFileType = sourcecode.swift; path = GradientView.swift; sourceTree = "<group>"; };
		84F847412F7CE334004B31D2 /* MarqueeLabel.swift */ = {isa = PBXFileReference; lastKnownFileType = sourcecode.swift; path = MarqueeLabel.swift; sourceTree = "<group>"; };
		84F847422F7CE334004B31D2 /* UIButtonDesignable.swift */ = {isa = PBXFileReference; lastKnownFileType = sourcecode.swift; path = UIButtonDesignable.swift; sourceTree = "<group>"; };
		84F847432F7CE334004B31D2 /* UIImageView.swift */ = {isa = PBXFileReference; lastKnownFileType = sourcecode.swift; path = UIImageView.swift; sourceTree = "<group>"; };
		84F847442F7CE334004B31D2 /* UIImageViewDesignable.swift */ = {isa = PBXFileReference; lastKnownFileType = sourcecode.swift; path = UIImageViewDesignable.swift; sourceTree = "<group>"; };
		84F847452F7CE334004B31D2 /* UILabelDesignable.swift */ = {isa = PBXFileReference; lastKnownFileType = sourcecode.swift; path = UILabelDesignable.swift; sourceTree = "<group>"; };
		84F847462F7CE334004B31D2 /* UISegmentControl.swift */ = {isa = PBXFileReference; lastKnownFileType = sourcecode.swift; path = UISegmentControl.swift; sourceTree = "<group>"; };
		84F847472F7CE334004B31D2 /* UIViewDesignable.swift */ = {isa = PBXFileReference; lastKnownFileType = sourcecode.swift; path = UIViewDesignable.swift; sourceTree = "<group>"; };
		84F847482F7CE334004B31D2 /* UiViewx.swift */ = {isa = PBXFileReference; lastKnownFileType = sourcecode.swift; path = UiViewx.swift; sourceTree = "<group>"; };
		84F847572F7CE34D004B31D2 /* UIColor+Extensions.swift */ = {isa = PBXFileReference; lastKnownFileType = sourcecode.swift; path = "UIColor+Extensions.swift"; sourceTree = "<group>"; };
		84F8475B2F7CFA38004B31D2 /* dice1.gif */ = {isa = PBXFileReference; lastKnownFileType = image.gif; path = dice1.gif; sourceTree = "<group>"; };
		84F8475C2F7CFA38004B31D2 /* dice2.gif */ = {isa = PBXFileReference; lastKnownFileType = image.gif; path = dice2.gif; sourceTree = "<group>"; };
		84F8475D2F7CFA38004B31D2 /* dice3.gif */ = {isa = PBXFileReference; lastKnownFileType = image.gif; path = dice3.gif; sourceTree = "<group>"; };
		84F8475E2F7CFA38004B31D2 /* dice4.gif */ = {isa = PBXFileReference; lastKnownFileType = image.gif; path = dice4.gif; sourceTree = "<group>"; };
		84F8475F2F7CFA38004B31D2 /* dice5.gif */ = {isa = PBXFileReference; lastKnownFileType = image.gif; path = dice5.gif; sourceTree = "<group>"; };
		84F847602F7CFA38004B31D2 /* dice6.gif */ = {isa = PBXFileReference; lastKnownFileType = image.gif; path = dice6.gif; sourceTree = "<group>"; };
		84F847682F7D2616004B31D2 /* BoardCVC.swift */ = {isa = PBXFileReference; lastKnownFileType = sourcecode.swift; path = BoardCVC.swift; sourceTree = "<group>"; };
		84F847692F7D2616004B31D2 /* BoardCVC.xib */ = {isa = PBXFileReference; lastKnownFileType = file.xib; path = BoardCVC.xib; sourceTree = "<group>"; };
		84F847722F7D2900004B31D2 /* BoardSnakeLadderOverlayView.swift */ = {isa = PBXFileReference; lastKnownFileType = sourcecode.swift; path = BoardSnakeLadderOverlayView.swift; sourceTree = "<group>"; };
/* End PBXFileReference section */

/* Begin PBXFrameworksBuildPhase section */
		84C083332F7B96B7007200BE /* Frameworks */ = {
			isa = PBXFrameworksBuildPhase;
			buildActionMask = 2147483647;
			files = (
				DEEC5C35A1CD2C32AD28B640 /* Pods_Snake_Ladder.framework in Frameworks */,
			);
			runOnlyForDeploymentPostprocessing = 0;
		};
/* End PBXFrameworksBuildPhase section */

/* Begin PBXGroup section */
		84C0832D2F7B96B7007200BE = {
			isa = PBXGroup;
			children = (
				84C083572F7B96C7007200BE /* Snake&Ladder */,
				84C083372F7B96B7007200BE /* Products */,
				A52E48529EE536CA95B6F7D2 /* Pods */,
				B31D9FCE8EBBAF8A62863D33 /* Frameworks */,
			);
			sourceTree = "<group>";
		};
		84C083372F7B96B7007200BE /* Products */ = {
			isa = PBXGroup;
			children = (
				84C083362F7B96B7007200BE /* Snake&Ladder.app */,
			);
			name = Products;
			sourceTree = "<group>";
		};
		84C083572F7B96C7007200BE /* Snake&Ladder */ = {
			isa = PBXGroup;
			children = (
				84C083632F7B9715007200BE /* Application */,
				84C083792F7BFE93007200BE /* Core */,
				84C083502F7B96C7007200BE /* Info.plist */,
				84C083622F7B96FE007200BE /* Screen */,
			);
			path = "Snake&Ladder";
			sourceTree = "<group>";
		};
		84C0835F2F7B96DA007200BE /* CoreDelegate */ = {
			isa = PBXGroup;
			children = (
				84C0834E2F7B96C7007200BE /* AppDelegate.swift */,
				84C083552F7B96C7007200BE /* SceneDelegate.swift */,
			);
			path = CoreDelegate;
			sourceTree = "<group>";
		};
		84C083612F7B96F1007200BE /* Storyboard */ = {
			isa = PBXGroup;
			children = (
				84C083522F7B96C7007200BE /* LaunchScreen.storyboard */,
			);
			path = Storyboard;
			sourceTree = "<group>";
		};
		84C083622F7B96FE007200BE /* Screen */ = {
			isa = PBXGroup;
			children = (
				84F847342F7CDDA9004B31D2 /* NEW */,
				84F847332F7CDDA1004B31D2 /* OLD */,
			);
			path = Screen;
			sourceTree = "<group>";
		};
		84C083632F7B9715007200BE /* Application */ = {
			isa = PBXGroup;
			children = (
				84C0835F2F7B96DA007200BE /* CoreDelegate */,
			);
			path = Application;
			sourceTree = "<group>";
		};
		84C083642F7B983C007200BE /* Resource */ = {
			isa = PBXGroup;
			children = (
				84C0837C2F7BFEEB007200BE /* Images.swift */,
				84C0837A2F7BFEE3007200BE /* Colors.swift */,
				84C0834F2F7B96C7007200BE /* Assets.xcassets */,
				84C083612F7B96F1007200BE /* Storyboard */,
			);
			path = Resource;
			sourceTree = "<group>";
		};
		84C0836C2F7BFD91007200BE /* Model */ = {
			isa = PBXGroup;
			children = (
				84C083842F7BFF22007200BE /* Ladder.swift */,
				84C083822F7BFF18007200BE /* Snake.swift */,
				84C083802F7BFF12007200BE /* Board.swift */,
				84C0837E2F7BFF09007200BE /* Player.swift */,
			);
			path = Model;
			sourceTree = "<group>";
		};
		84C0836D2F7BFDEC007200BE /* Extensions */ = {
			isa = PBXGroup;
			children = (
				84F847572F7CE34D004B31D2 /* UIColor+Extensions.swift */,
				84C083722F7BFE45007200BE /* UICollectionView+Extensions.swift */,
				84C083702F7BFE31007200BE /* UIView+Extensions.swift */,
			);
			path = Extensions;
			sourceTree = "<group>";
		};
		84C083742F7BFE4F007200BE /* Utils */ = {
			isa = PBXGroup;
			children = (
				84F847492F7CE334004B31D2 /* Design */,
				84C083772F7BFE6B007200BE /* Helpers.swift */,
				84C083752F7BFE63007200BE /* Constants.swift */,
			);
			path = Utils;
			sourceTree = "<group>";
		};
		84C083792F7BFE93007200BE /* Core */ = {
			isa = PBXGroup;
			children = (
				84F847592F7CF9D6004B31D2 /* Gif */,
				84C083742F7BFE4F007200BE /* Utils */,
				84C0836D2F7BFDEC007200BE /* Extensions */,
				84C083642F7B983C007200BE /* Resource */,
			);
			path = Core;
			sourceTree = "<group>";
		};
		84C083862F7BFF2D007200BE /* ViewModel */ = {
			isa = PBXGroup;
			children = (
				84C083872F7BFF34007200BE /* GameViewModel.swift */,
			);
			path = ViewModel;
			sourceTree = "<group>";
		};
		84C083892F7BFF3E007200BE /* View */ = {
			isa = PBXGroup;
			children = (
				84C083922F7BFF75007200BE /* BoardOverlayView.swift */,
				84C083902F7BFF6E007200BE /* DiceView.swift */,
				84C0838E2F7BFF65007200BE /* PlayerTokenView.swift */,
				84C0838C2F7BFF59007200BE /* BoardCell.swift */,
				84C0838A2F7BFF48007200BE /* GameVC.swift */,
				84C083982F7C03F9007200BE /* GameVC.xib */,
			);
			path = View;
			sourceTree = "<group>";
		};
		84C083942F7BFF81007200BE /* Coordinator */ = {
			isa = PBXGroup;
			children = (
				84C083952F7BFF8E007200BE /* GameCoordinator.swift */,
			);
			path = Coordinator;
			sourceTree = "<group>";
		};
		84F847332F7CDDA1004B31D2 /* OLD */ = {
			isa = PBXGroup;
			children = (
				84C083942F7BFF81007200BE /* Coordinator */,
				84C0836C2F7BFD91007200BE /* Model */,
				84C083892F7BFF3E007200BE /* View */,
				84C083862F7BFF2D007200BE /* ViewModel */,
			);
			path = OLD;
			sourceTree = "<group>";
		};
		84F847342F7CDDA9004B31D2 /* NEW */ = {
			isa = PBXGroup;
			children = (
				84F847352F7CDDC2004B31D2 /* View */,
			);
			path = NEW;
			sourceTree = "<group>";
		};
		84F847352F7CDDC2004B31D2 /* View */ = {
			isa = PBXGroup;
			children = (
				84F847672F7D25F0004B31D2 /* BoardCVC */,
				84F847722F7D2900004B31D2 /* BoardSnakeLadderOverlayView.swift */,
				84F847382F7CDE0E004B31D2 /* GameMainVC.swift */,
				84F847392F7CDE0E004B31D2 /* GameMainVC.xib */,
			);
			path = View;
			sourceTree = "<group>";
		};
		84F847492F7CE334004B31D2 /* Design */ = {
			isa = PBXGroup;
			children = (
				84F8473C2F7CE334004B31D2 /* CircularProgressView.swift */,
				84F8473D2F7CE334004B31D2 /* GradientButton.swift */,
				84F8473E2F7CE334004B31D2 /* GradientImageView.swift */,
				84F8473F2F7CE334004B31D2 /* GradientLabel.swift */,
				84F847402F7CE334004B31D2 /* GradientView.swift */,
				84F847412F7CE334004B31D2 /* MarqueeLabel.swift */,
				84F847422F7CE334004B31D2 /* UIButtonDesignable.swift */,
				84F847432F7CE334004B31D2 /* UIImageView.swift */,
				84F847442F7CE334004B31D2 /* UIImageViewDesignable.swift */,
				84F847452F7CE334004B31D2 /* UILabelDesignable.swift */,
				84F847462F7CE334004B31D2 /* UISegmentControl.swift */,
				84F847472F7CE334004B31D2 /* UIViewDesignable.swift */,
				84F847482F7CE334004B31D2 /* UiViewx.swift */,
			);
			path = Design;
			sourceTree = "<group>";
		};
		84F847592F7CF9D6004B31D2 /* Gif */ = {
			isa = PBXGroup;
			children = (
				84F8475A2F7CF9DD004B31D2 /* Dice */,
			);
			path = Gif;
			sourceTree = "<group>";
		};
		84F8475A2F7CF9DD004B31D2 /* Dice */ = {
			isa = PBXGroup;
			children = (
				84F8475B2F7CFA38004B31D2 /* dice1.gif */,
				84F8475C2F7CFA38004B31D2 /* dice2.gif */,
				84F8475D2F7CFA38004B31D2 /* dice3.gif */,
				84F8475E2F7CFA38004B31D2 /* dice4.gif */,
				84F8475F2F7CFA38004B31D2 /* dice5.gif */,
				84F847602F7CFA38004B31D2 /* dice6.gif */,
			);
			path = Dice;
			sourceTree = "<group>";
		};
		84F847672F7D25F0004B31D2 /* BoardCVC */ = {
			isa = PBXGroup;
			children = (
				84F847682F7D2616004B31D2 /* BoardCVC.swift */,
				84F847692F7D2616004B31D2 /* BoardCVC.xib */,
			);
			path = BoardCVC;
			sourceTree = "<group>";
		};
		A52E48529EE536CA95B6F7D2 /* Pods */ = {
			isa = PBXGroup;
			children = (
				7167C77EBB84751990E4B8CE /* Pods-Snake&Ladder.debug.xcconfig */,
				8377B637D68D1F3CBB0A8336 /* Pods-Snake&Ladder.release.xcconfig */,
			);
			path = Pods;
			sourceTree = "<group>";
		};
		B31D9FCE8EBBAF8A62863D33 /* Frameworks */ = {
			isa = PBXGroup;
			children = (
				4F345A01F476D2EC1BB81DD3 /* Pods_Snake_Ladder.framework */,
			);
			name = Frameworks;
			sourceTree = "<group>";
		};
/* End PBXGroup section */

/* Begin PBXNativeTarget section */
		84C083352F7B96B7007200BE /* Snake&Ladder */ = {
			isa = PBXNativeTarget;
			buildConfigurationList = 84C083492F7B96B8007200BE /* Build configuration list for PBXNativeTarget "Snake&Ladder" */;
			buildPhases = (
				21E7D7D38FC309E25322513F /* [CP] Check Pods Manifest.lock */,
				84C083322F7B96B7007200BE /* Sources */,
				84C083332F7B96B7007200BE /* Frameworks */,
				84C083342F7B96B7007200BE /* Resources */,
				14AAE5F8E094E4C4988DEC49 /* [CP] Embed Pods Frameworks */,
			);
			buildRules = (
			);
			dependencies = (
			);
			name = "Snake&Ladder";
			productName = "Snake&Ladder";
			productReference = 84C083362F7B96B7007200BE /* Snake&Ladder.app */;
			productType = "com.apple.product-type.application";
		};
/* End PBXNativeTarget section */

/* Begin PBXProject section */
		84C0832E2F7B96B7007200BE /* Project object */ = {
			isa = PBXProject;
			attributes = {
				BuildIndependentTargetsInParallel = 1;
				LastSwiftUpdateCheck = 2640;
				LastUpgradeCheck = 2640;
				TargetAttributes = {
					84C083352F7B96B7007200BE = {
						CreatedOnToolsVersion = 26.4;
					};
				};
			};
			buildConfigurationList = 84C083312F7B96B7007200BE /* Build configuration list for PBXProject "Snake&Ladder" */;
			developmentRegion = en;
			hasScannedForEncodings = 0;
			knownRegions = (
				en,
				Base,
			);
			mainGroup = 84C0832D2F7B96B7007200BE;
			minimizedProjectReferenceProxies = 1;
			preferredProjectObjectVersion = 77;
			productRefGroup = 84C083372F7B96B7007200BE /* Products */;
			projectDirPath = "";
			projectRoot = "";
			targets = (
				84C083352F7B96B7007200BE /* Snake&Ladder */,
			);
		};
/* End PBXProject section */

/* Begin PBXResourcesBuildPhase section */
		84C083342F7B96B7007200BE /* Resources */ = {
			isa = PBXResourcesBuildPhase;
			buildActionMask = 2147483647;
			files = (
				84C083582F7B96C7007200BE /* Assets.xcassets in Resources */,
				84C0835A2F7B96C7007200BE /* LaunchScreen.storyboard in Resources */,
				84F8473A2F7CDE0E004B31D2 /* GameMainVC.xib in Resources */,
				84F847612F7CFA38004B31D2 /* dice1.gif in Resources */,
				84F847622F7CFA38004B31D2 /* dice2.gif in Resources */,
				84F847632F7CFA38004B31D2 /* dice4.gif in Resources */,
				84F847642F7CFA38004B31D2 /* dice6.gif in Resources */,
				84F847652F7CFA38004B31D2 /* dice3.gif in Resources */,
				84F847662F7CFA38004B31D2 /* dice5.gif in Resources */,
				84C0839A2F7C03F9007200BE /* GameVC.xib in Resources */,
				84F8476B2F7D2616004B31D2 /* BoardCVC.xib in Resources */,
			);
			runOnlyForDeploymentPostprocessing = 0;
		};
/* End PBXResourcesBuildPhase section */

/* Begin PBXShellScriptBuildPhase section */
		14AAE5F8E094E4C4988DEC49 /* [CP] Embed Pods Frameworks */ = {
			isa = PBXShellScriptBuildPhase;
			buildActionMask = 2147483647;
			files = (
			);
			inputFileListPaths = (
				"${PODS_ROOT}/Target Support Files/Pods-Snake&Ladder/Pods-Snake&Ladder-frameworks-${CONFIGURATION}-input-files.xcfilelist",
			);
			inputPaths = (
			);
			name = "[CP] Embed Pods Frameworks";
			outputFileListPaths = (
				"${PODS_ROOT}/Target Support Files/Pods-Snake&Ladder/Pods-Snake&Ladder-frameworks-${CONFIGURATION}-output-files.xcfilelist",
			);
			outputPaths = (
			);
			runOnlyForDeploymentPostprocessing = 0;
			shellPath = /bin/sh;
			shellScript = "\"${PODS_ROOT}/Target Support Files/Pods-Snake&Ladder/Pods-Snake&Ladder-frameworks.sh\"\n";
			showEnvVarsInLog = 0;
		};
		21E7D7D38FC309E25322513F /* [CP] Check Pods Manifest.lock */ = {
			isa = PBXShellScriptBuildPhase;
			buildActionMask = 2147483647;
			files = (
			);
			inputFileListPaths = (
			);
			inputPaths = (
				"${PODS_PODFILE_DIR_PATH}/Podfile.lock",
				"${PODS_ROOT}/Manifest.lock",
			);
			name = "[CP] Check Pods Manifest.lock";
			outputFileListPaths = (
			);
			outputPaths = (
				"$(DERIVED_FILE_DIR)/Pods-Snake&Ladder-checkManifestLockResult.txt",
			);
			runOnlyForDeploymentPostprocessing = 0;
			shellPath = /bin/sh;
			shellScript = "diff \"${PODS_PODFILE_DIR_PATH}/Podfile.lock\" \"${PODS_ROOT}/Manifest.lock\" > /dev/null\nif [ $? != 0 ] ; then\n    # print error to STDERR\n    echo \"error: The sandbox is not in sync with the Podfile.lock. Run 'pod install' or update your CocoaPods installation.\" >&2\n    exit 1\nfi\n# This output is used by Xcode 'outputs' to avoid re-running this script phase.\necho \"SUCCESS\" > \"${SCRIPT_OUTPUT_FILE_0}\"\n";
			showEnvVarsInLog = 0;
		};
/* End PBXShellScriptBuildPhase section */

/* Begin PBXSourcesBuildPhase section */
		84C083322F7B96B7007200BE /* Sources */ = {
			isa = PBXSourcesBuildPhase;
			buildActionMask = 2147483647;
			files = (
				84C083932F7BFF76007200BE /* BoardOverlayView.swift in Sources */,
				84C083962F7BFF8F007200BE /* GameCoordinator.swift in Sources */,
				84C0835C2F7B96C7007200BE /* AppDelegate.swift in Sources */,
				84C0837B2F7BFEE4007200BE /* Colors.swift in Sources */,
				84C083812F7BFF12007200BE /* Board.swift in Sources */,
				84F8474A2F7CE334004B31D2 /* GradientButton.swift in Sources */,
				84F8474B2F7CE334004B31D2 /* UIButtonDesignable.swift in Sources */,
				84F8476A2F7D2616004B31D2 /* BoardCVC.swift in Sources */,
				84F8474C2F7CE334004B31D2 /* UISegmentControl.swift in Sources */,
				84F8474D2F7CE334004B31D2 /* GradientImageView.swift in Sources */,
				84F8474E2F7CE334004B31D2 /* MarqueeLabel.swift in Sources */,
				84F8474F2F7CE334004B31D2 /* CircularProgressView.swift in Sources */,
				84F847502F7CE334004B31D2 /* UILabelDesignable.swift in Sources */,
				84F847512F7CE334004B31D2 /* UIViewDesignable.swift in Sources */,
				84F847522F7CE334004B31D2 /* GradientView.swift in Sources */,
				84F847532F7CE334004B31D2 /* UiViewx.swift in Sources */,
				84F847582F7CE34D004B31D2 /* UIColor+Extensions.swift in Sources */,
				84F847542F7CE334004B31D2 /* UIImageViewDesignable.swift in Sources */,
				84F847552F7CE334004B31D2 /* GradientLabel.swift in Sources */,
				84F847562F7CE334004B31D2 /* UIImageView.swift in Sources */,
				84C083782F7BFE6C007200BE /* Helpers.swift in Sources */,
				84C0838B2F7BFF4F007200BE /* GameVC.swift in Sources */,
				84C0835D2F7B96C7007200BE /* SceneDelegate.swift in Sources */,
				84C0837D2F7BFEEC007200BE /* Images.swift in Sources */,
				84C083882F7BFF36007200BE /* GameViewModel.swift in Sources */,
				84C083732F7BFE46007200BE /* UICollectionView+Extensions.swift in Sources */,
				84C0838F2F7BFF67007200BE /* PlayerTokenView.swift in Sources */,
				84C083912F7BFF6F007200BE /* DiceView.swift in Sources */,
				84C083852F7BFF23007200BE /* Ladder.swift in Sources */,
				84C0838D2F7BFF5B007200BE /* BoardCell.swift in Sources */,
				84C083712F7BFE37007200BE /* UIView+Extensions.swift in Sources */,
				84C0837F2F7BFF09007200BE /* Player.swift in Sources */,
				84C083832F7BFF1B007200BE /* Snake.swift in Sources */,
				84C083762F7BFE65007200BE /* Constants.swift in Sources */,
				84F8473B2F7CDE0E004B31D2 /* GameMainVC.swift in Sources */,
				84F847732F7D2900004B31D2 /* BoardSnakeLadderOverlayView.swift in Sources */,
			);
			runOnlyForDeploymentPostprocessing = 0;
		};
/* End PBXSourcesBuildPhase section */

/* Begin PBXVariantGroup section */
		84C083522F7B96C7007200BE /* LaunchScreen.storyboard */ = {
			isa = PBXVariantGroup;
			children = (
				84C083512F7B96C7007200BE /* Base */,
			);
			name = LaunchScreen.storyboard;
			sourceTree = "<group>";
		};
/* End PBXVariantGroup section */

/* Begin XCBuildConfiguration section */
		84C0834A2F7B96B8007200BE /* Debug */ = {
			isa = XCBuildConfiguration;
			baseConfigurationReference = 7167C77EBB84751990E4B8CE /* Pods-Snake&Ladder.debug.xcconfig */;
			buildSettings = {
				ASSETCATALOG_COMPILER_APPICON_NAME = AppIcon;
				ASSETCATALOG_COMPILER_GLOBAL_ACCENT_COLOR_NAME = AccentColor;
				CODE_SIGN_STYLE = Automatic;
				CURRENT_PROJECT_VERSION = 1;
				DEVELOPMENT_TEAM = 2HG885J5KS;
				GENERATE_INFOPLIST_FILE = YES;
				INFOPLIST_FILE = "Snake&Ladder/Info.plist";
				INFOPLIST_KEY_UIApplicationSupportsIndirectInputEvents = YES;
				INFOPLIST_KEY_UILaunchStoryboardName = LaunchScreen;
				INFOPLIST_KEY_UISupportedInterfaceOrientations = UIInterfaceOrientationPortrait;
				INFOPLIST_KEY_UISupportedInterfaceOrientations_iPad = "UIInterfaceOrientationLandscapeLeft UIInterfaceOrientationLandscapeRight UIInterfaceOrientationPortrait UIInterfaceOrientationPortraitUpsideDown";
				IPHONEOS_DEPLOYMENT_TARGET = 13.0;
				LD_RUNPATH_SEARCH_PATHS = (
					"$(inherited)",
					"@executable_path/Frameworks",
				);
				MARKETING_VERSION = 1.0;
				PRODUCT_BUNDLE_IDENTIFIER = "com.loyltworks.Snake-Ladder";
				PRODUCT_NAME = "$(TARGET_NAME)";
				STRING_CATALOG_GENERATE_SYMBOLS = YES;
				SUPPORTED_PLATFORMS = "iphoneos iphonesimulator";
				SUPPORTS_MACCATALYST = NO;
				SUPPORTS_MAC_DESIGNED_FOR_IPHONE_IPAD = NO;
				SUPPORTS_XR_DESIGNED_FOR_IPHONE_IPAD = NO;
				SWIFT_APPROACHABLE_CONCURRENCY = YES;
				SWIFT_DEFAULT_ACTOR_ISOLATION = MainActor;
				SWIFT_EMIT_LOC_STRINGS = YES;
				SWIFT_UPCOMING_FEATURE_MEMBER_IMPORT_VISIBILITY = YES;
				SWIFT_VERSION = 5.0;
				TARGETED_DEVICE_FAMILY = 1;
			};
			name = Debug;
		};
		84C0834B2F7B96B8007200BE /* Release */ = {
			isa = XCBuildConfiguration;
			baseConfigurationReference = 8377B637D68D1F3CBB0A8336 /* Pods-Snake&Ladder.release.xcconfig */;
			buildSettings = {
				ASSETCATALOG_COMPILER_APPICON_NAME = AppIcon;
				ASSETCATALOG_COMPILER_GLOBAL_ACCENT_COLOR_NAME = AccentColor;
				CODE_SIGN_STYLE = Automatic;
				CURRENT_PROJECT_VERSION = 1;
				DEVELOPMENT_TEAM = 2HG885J5KS;
				GENERATE_INFOPLIST_FILE = YES;
				INFOPLIST_FILE = "Snake&Ladder/Info.plist";
				INFOPLIST_KEY_UIApplicationSupportsIndirectInputEvents = YES;
				INFOPLIST_KEY_UILaunchStoryboardName = LaunchScreen;
				INFOPLIST_KEY_UISupportedInterfaceOrientations = UIInterfaceOrientationPortrait;
				INFOPLIST_KEY_UISupportedInterfaceOrientations_iPad = "UIInterfaceOrientationLandscapeLeft UIInterfaceOrientationLandscapeRight UIInterfaceOrientationPortrait UIInterfaceOrientationPortraitUpsideDown";
				IPHONEOS_DEPLOYMENT_TARGET = 13.0;
				LD_RUNPATH_SEARCH_PATHS = (
					"$(inherited)",
					"@executable_path/Frameworks",
				);
				MARKETING_VERSION = 1.0;
				PRODUCT_BUNDLE_IDENTIFIER = "com.loyltworks.Snake-Ladder";
				PRODUCT_NAME = "$(TARGET_NAME)";
				STRING_CATALOG_GENERATE_SYMBOLS = YES;
				SUPPORTED_PLATFORMS = "iphoneos iphonesimulator";
				SUPPORTS_MACCATALYST = NO;
				SUPPORTS_MAC_DESIGNED_FOR_IPHONE_IPAD = NO;
				SUPPORTS_XR_DESIGNED_FOR_IPHONE_IPAD = NO;
				SWIFT_APPROACHABLE_CONCURRENCY = YES;
				SWIFT_DEFAULT_ACTOR_ISOLATION = MainActor;
				SWIFT_EMIT_LOC_STRINGS = YES;
				SWIFT_UPCOMING_FEATURE_MEMBER_IMPORT_VISIBILITY = YES;
				SWIFT_VERSION = 5.0;
				TARGETED_DEVICE_FAMILY = 1;
			};
			name = Release;
		};
		84C0834C2F7B96B8007200BE /* Debug */ = {
			isa = XCBuildConfiguration;
			buildSettings = {
				ALWAYS_SEARCH_USER_PATHS = NO;
				ASSETCATALOG_COMPILER_GENERATE_SWIFT_ASSET_SYMBOL_EXTENSIONS = YES;
				CLANG_ANALYZER_NONNULL = YES;
				CLANG_ANALYZER_NUMBER_OBJECT_CONVERSION = YES_AGGRESSIVE;
				CLANG_CXX_LANGUAGE_STANDARD = "gnu++20";
				CLANG_ENABLE_MODULES = YES;
				CLANG_ENABLE_OBJC_ARC = YES;
				CLANG_ENABLE_OBJC_WEAK = YES;
				CLANG_WARN_BLOCK_CAPTURE_AUTORELEASING = YES;
				CLANG_WARN_BOOL_CONVERSION = YES;
				CLANG_WARN_COMMA = YES;
				CLANG_WARN_CONSTANT_CONVERSION = YES;
				CLANG_WARN_DEPRECATED_OBJC_IMPLEMENTATIONS = YES;
				CLANG_WARN_DIRECT_OBJC_ISA_USAGE = YES_ERROR;
				CLANG_WARN_DOCUMENTATION_COMMENTS = YES;
				CLANG_WARN_EMPTY_BODY = YES;
				CLANG_WARN_ENUM_CONVERSION = YES;
				CLANG_WARN_INFINITE_RECURSION = YES;
				CLANG_WARN_INT_CONVERSION = YES;
				CLANG_WARN_NON_LITERAL_NULL_CONVERSION = YES;
				CLANG_WARN_OBJC_IMPLICIT_RETAIN_SELF = YES;
				CLANG_WARN_OBJC_LITERAL_CONVERSION = YES;
				CLANG_WARN_OBJC_ROOT_CLASS = YES_ERROR;
				CLANG_WARN_QUOTED_INCLUDE_IN_FRAMEWORK_HEADER = YES;
				CLANG_WARN_RANGE_LOOP_ANALYSIS = YES;
				CLANG_WARN_STRICT_PROTOTYPES = YES;
				CLANG_WARN_SUSPICIOUS_MOVE = YES;
				CLANG_WARN_UNGUARDED_AVAILABILITY = YES_AGGRESSIVE;
				CLANG_WARN_UNREACHABLE_CODE = YES;
				CLANG_WARN__DUPLICATE_METHOD_MATCH = YES;
				COPY_PHASE_STRIP = NO;
				DEBUG_INFORMATION_FORMAT = dwarf;
				DEVELOPMENT_TEAM = 2HG885J5KS;
				ENABLE_STRICT_OBJC_MSGSEND = YES;
				ENABLE_TESTABILITY = YES;
				ENABLE_USER_SCRIPT_SANDBOXING = NO;
				GCC_C_LANGUAGE_STANDARD = gnu17;
				GCC_DYNAMIC_NO_PIC = NO;
				GCC_NO_COMMON_BLOCKS = YES;
				GCC_OPTIMIZATION_LEVEL = 0;
				GCC_PREPROCESSOR_DEFINITIONS = (
					"DEBUG=1",
					"$(inherited)",
				);
				GCC_WARN_64_TO_32_BIT_CONVERSION = YES;
				GCC_WARN_ABOUT_RETURN_TYPE = YES_ERROR;
				GCC_WARN_UNDECLARED_SELECTOR = YES;
				GCC_WARN_UNINITIALIZED_AUTOS = YES_AGGRESSIVE;
				GCC_WARN_UNUSED_FUNCTION = YES;
				GCC_WARN_UNUSED_VARIABLE = YES;
				IPHONEOS_DEPLOYMENT_TARGET = 26.4;
				LOCALIZATION_PREFERS_STRING_CATALOGS = YES;
				MTL_ENABLE_DEBUG_INFO = INCLUDE_SOURCE;
				MTL_FAST_MATH = YES;
				ONLY_ACTIVE_ARCH = YES;
				SDKROOT = iphoneos;
				SWIFT_ACTIVE_COMPILATION_CONDITIONS = "DEBUG $(inherited)";
				SWIFT_OPTIMIZATION_LEVEL = "-Onone";
			};
			name = Debug;
		};
		84C0834D2F7B96B8007200BE /* Release */ = {
			isa = XCBuildConfiguration;
			buildSettings = {
				ALWAYS_SEARCH_USER_PATHS = NO;
				ASSETCATALOG_COMPILER_GENERATE_SWIFT_ASSET_SYMBOL_EXTENSIONS = YES;
				CLANG_ANALYZER_NONNULL = YES;
				CLANG_ANALYZER_NUMBER_OBJECT_CONVERSION = YES_AGGRESSIVE;
				CLANG_CXX_LANGUAGE_STANDARD = "gnu++20";
				CLANG_ENABLE_MODULES = YES;
				CLANG_ENABLE_OBJC_ARC = YES;
				CLANG_ENABLE_OBJC_WEAK = YES;
				CLANG_WARN_BLOCK_CAPTURE_AUTORELEASING = YES;
				CLANG_WARN_BOOL_CONVERSION = YES;
				CLANG_WARN_COMMA = YES;
				CLANG_WARN_CONSTANT_CONVERSION = YES;
				CLANG_WARN_DEPRECATED_OBJC_IMPLEMENTATIONS = YES;
				CLANG_WARN_DIRECT_OBJC_ISA_USAGE = YES_ERROR;
				CLANG_WARN_DOCUMENTATION_COMMENTS = YES;
				CLANG_WARN_EMPTY_BODY = YES;
				CLANG_WARN_ENUM_CONVERSION = YES;
				CLANG_WARN_INFINITE_RECURSION = YES;
				CLANG_WARN_INT_CONVERSION = YES;
				CLANG_WARN_NON_LITERAL_NULL_CONVERSION = YES;
				CLANG_WARN_OBJC_IMPLICIT_RETAIN_SELF = YES;
				CLANG_WARN_OBJC_LITERAL_CONVERSION = YES;
				CLANG_WARN_OBJC_ROOT_CLASS = YES_ERROR;
				CLANG_WARN_QUOTED_INCLUDE_IN_FRAMEWORK_HEADER = YES;
				CLANG_WARN_RANGE_LOOP_ANALYSIS = YES;
				CLANG_WARN_STRICT_PROTOTYPES = YES;
				CLANG_WARN_SUSPICIOUS_MOVE = YES;
				CLANG_WARN_UNGUARDED_AVAILABILITY = YES_AGGRESSIVE;
				CLANG_WARN_UNREACHABLE_CODE = YES;
				CLANG_WARN__DUPLICATE_METHOD_MATCH = YES;
				COPY_PHASE_STRIP = NO;
				DEBUG_INFORMATION_FORMAT = "dwarf-with-dsym";
				DEVELOPMENT_TEAM = 2HG885J5KS;
				ENABLE_NS_ASSERTIONS = NO;
				ENABLE_STRICT_OBJC_MSGSEND = YES;
				ENABLE_USER_SCRIPT_SANDBOXING = NO;
				GCC_C_LANGUAGE_STANDARD = gnu17;
				GCC_NO_COMMON_BLOCKS = YES;
				GCC_WARN_64_TO_32_BIT_CONVERSION = YES;
				GCC_WARN_ABOUT_RETURN_TYPE = YES_ERROR;
				GCC_WARN_UNDECLARED_SELECTOR = YES;
				GCC_WARN_UNINITIALIZED_AUTOS = YES_AGGRESSIVE;
				GCC_WARN_UNUSED_FUNCTION = YES;
				GCC_WARN_UNUSED_VARIABLE = YES;
				IPHONEOS_DEPLOYMENT_TARGET = 26.4;
				LOCALIZATION_PREFERS_STRING_CATALOGS = YES;
				MTL_ENABLE_DEBUG_INFO = NO;
				MTL_FAST_MATH = YES;
				SDKROOT = iphoneos;
				SWIFT_COMPILATION_MODE = wholemodule;
				VALIDATE_PRODUCT = YES;
			};
			name = Release;
		};
/* End XCBuildConfiguration section */

/* Begin XCConfigurationList section */
		84C083312F7B96B7007200BE /* Build configuration list for PBXProject "Snake&Ladder" */ = {
			isa = XCConfigurationList;
			buildConfigurations = (
				84C0834C2F7B96B8007200BE /* Debug */,
				84C0834D2F7B96B8007200BE /* Release */,
			);
			defaultConfigurationIsVisible = 0;
			defaultConfigurationName = Release;
		};
		84C083492F7B96B8007200BE /* Build configuration list for PBXNativeTarget "Snake&Ladder" */ = {
			isa = XCConfigurationList;
			buildConfigurations = (
				84C0834A2F7B96B8007200BE /* Debug */,
				84C0834B2F7B96B8007200BE /* Release */,
			);
			defaultConfigurationIsVisible = 0;
			defaultConfigurationName = Release;
		};
/* End XCConfigurationList section */
	};
	rootObject = 84C0832E2F7B96B7007200BE /* Project object */;
}
